
Microsoft Visual Studio Solution File, Format Version 12.00
# Visual Studio 15
Project("{FAE04EC0-301F-11D3-BF4B-00C04F79EFBC}") = "Redstone.NodeD", "Redstone.NodeD.csproj", "{D91BCB1B-14D8-4603-9456-7B439285EF08}"
EndProject
Global
	GlobalSection(SolutionConfigurationPlatforms) = preSolution
		Debug|Any CPU = Debug|Any CPU
		Release|Any CPU = Release|Any CPU
	EndGlobalSection
	GlobalSection(ProjectConfigurationPlatforms) = postSolution
		{D91BCB1B-14D8-4603-9456-7B439285EF08}.Debug|Any CPU.ActiveCfg = Debug|Any CPU
		{D91BCB1B-14D8-4603-9456-7B439285EF08}.Debug|Any CPU.Build.0 = Debug|Any CPU
		{D91BCB1B-14D8-4603-9456-7B439285EF08}.Release|Any CPU.ActiveCfg = Release|Any CPU
		{D91BCB1B-14D8-4603-9456-7B439285EF08}.Release|Any CPU.Build.0 = Release|Any CPU
	EndGlobalSection
EndGlobal
