
Microsoft Visual Studio Solution File, Format Version 12.00
# Visual Studio 15
VisualStudioVersion = 15.0.27130.2010
MinimumVisualStudioVersion = 10.0.40219.1
Project("{2150E333-8FDC-42A3-9474-1A3956D46DE8}") = "Redstone", "Redstone", "{14FAE76E-2EE8-44AF-B322-35B8D59301CF}"
EndProject
Project("{2150E333-8FDC-42A3-9474-1A3956D46DE8}") = "Tests", "Tests", "{E95F76D5-5391-4F7B-88E4-4FF69606CF54}"
EndProject
Project("{2150E333-8FDC-42A3-9474-1A3956D46DE8}") = "Sdk", "Sdk", "{86AC7487-FB12-4900-BD88-19533E88EBCD}"
EndProject
Project("{2150E333-8FDC-42A3-9474-1A3956D46DE8}") = "Programs", "Programs", "{8484C660-02F1-40B1-8E10-10E9B2198B02}"
EndProject
Project("{9A19103F-16F7-4668-BE54-9A1E7A4F7556}") = "Redstone.RedstoneLightWalletSdkTests", "Redstone\Tests\Redstone.RedstoneLightWalletSdkTests\Redstone.RedstoneLightWalletSdkTests.csproj", "{A3BC0542-C69C-4CFA-88B2-05D3B252C748}"
EndProject
Project("{9A19103F-16F7-4668-BE54-9A1E7A4F7556}") = "Redstone.Sdk", "Redstone\Sdk\Redstone.Sdk.Common\Redstone.Sdk.csproj", "{BB299B7F-C653-4773-B5AB-572A18064143}"
EndProject
Project("{9A19103F-16F7-4668-BE54-9A1E7A4F7556}") = "Redstone.Sdk.Server", "Redstone\Sdk\Redstone..Sdk.Server\Redstone.Sdk.Server.csproj", "{A5CE5720-2648-476A-9D5E-FD79E6D00BC2}"
EndProject
Project("{9A19103F-16F7-4668-BE54-9A1E7A4F7556}") = "Redstone.Sdk.Client", "Redstone\Sdk\Redstone.Sdk.Client\Redstone.Sdk.Client.csproj", "{E59354B8-34F7-44F2-A838-67A4547165BD}"
EndProject
Project("{2150E333-8FDC-42A3-9474-1A3956D46DE8}") = "Demo", "Demo", "{22F6B41E-9508-46F2-8C37-9315262A477E}"
EndProject
Project("{9A19103F-16F7-4668-BE54-9A1E7A4F7556}") = "DemoApi", "Redstone\Demo\DemoApi\DemoApi.csproj", "{83778956-7D58-4002-A7FD-EA58F268A44E}"
EndProject
Project("{9A19103F-16F7-4668-BE54-9A1E7A4F7556}") = "DemoApp", "Redstone\Demo\DemoApp\DemoApp.csproj", "{051A8BFB-B0C8-4069-A26F-805460F64395}"
EndProject
Project("{9A19103F-16F7-4668-BE54-9A1E7A4F7556}") = "Redstone.RedstoneLightWalletD", "Redstone\Programs\Redstone.RedstoneLightWalletD\Redstone.RedstoneLightWalletD.csproj", "{2E96DC79-3C0E-4450-A184-26148CC27C6F}"
EndProject
Project("{9A19103F-16F7-4668-BE54-9A1E7A4F7556}") = "Redstone.RedstoneFullNodeD", "Redstone\Programs\Redstone.RedstoneFullNodeD\Redstone.RedstoneFullNodeD.csproj", "{D0F52647-499D-4762-BDEC-0BFFC77EE3C9}"
EndProject
Project("{2150E333-8FDC-42A3-9474-1A3956D46DE8}") = "Features", "Features", "{3610EA04-E09C-4D7F-9C55-C97176DDAFBA}"
EndProject
Project("{9A19103F-16F7-4668-BE54-9A1E7A4F7556}") = "Redstone.Features.Api", "Redstone\Features\Redstone.Features.Api\Redstone.Features.Api.csproj", "{D1399F34-ABD8-490B-B34B-1FFB926F23D7}"
EndProject
Project("{9A19103F-16F7-4668-BE54-9A1E7A4F7556}") = "Redstone.RedstoneFullNodeDnsD", "Redstone\Programs\Redstone.RedstoneFullNodeDnsD\Redstone.RedstoneFullNodeDnsD.csproj", "{A6B88D61-4119-40D7-91C1-A4E289B53053}"
EndProject
Project("{FAE04EC0-301F-11D3-BF4B-00C04F79EFBC}") = "Redstone.Core", "Redstone.Core\Redstone.Core.csproj", "{DA50AB86-82F7-4AB5-9408-B995F13AACCF}"
EndProject
Global
	GlobalSection(SolutionConfigurationPlatforms) = preSolution
		Debug|Any CPU = Debug|Any CPU
		Release|Any CPU = Release|Any CPU
	EndGlobalSection
	GlobalSection(ProjectConfigurationPlatforms) = postSolution
		{A3BC0542-C69C-4CFA-88B2-05D3B252C748}.Debug|Any CPU.ActiveCfg = Debug|Any CPU
		{A3BC0542-C69C-4CFA-88B2-05D3B252C748}.Debug|Any CPU.Build.0 = Debug|Any CPU
		{A3BC0542-C69C-4CFA-88B2-05D3B252C748}.Release|Any CPU.ActiveCfg = Release|Any CPU
		{A3BC0542-C69C-4CFA-88B2-05D3B252C748}.Release|Any CPU.Build.0 = Release|Any CPU
		{BB299B7F-C653-4773-B5AB-572A18064143}.Debug|Any CPU.ActiveCfg = Debug|Any CPU
		{BB299B7F-C653-4773-B5AB-572A18064143}.Debug|Any CPU.Build.0 = Debug|Any CPU
		{BB299B7F-C653-4773-B5AB-572A18064143}.Release|Any CPU.ActiveCfg = Release|Any CPU
		{BB299B7F-C653-4773-B5AB-572A18064143}.Release|Any CPU.Build.0 = Release|Any CPU
		{A5CE5720-2648-476A-9D5E-FD79E6D00BC2}.Debug|Any CPU.ActiveCfg = Debug|Any CPU
		{A5CE5720-2648-476A-9D5E-FD79E6D00BC2}.Debug|Any CPU.Build.0 = Debug|Any CPU
		{A5CE5720-2648-476A-9D5E-FD79E6D00BC2}.Release|Any CPU.ActiveCfg = Release|Any CPU
		{A5CE5720-2648-476A-9D5E-FD79E6D00BC2}.Release|Any CPU.Build.0 = Release|Any CPU
		{E59354B8-34F7-44F2-A838-67A4547165BD}.Debug|Any CPU.ActiveCfg = Debug|Any CPU
		{E59354B8-34F7-44F2-A838-67A4547165BD}.Debug|Any CPU.Build.0 = Debug|Any CPU
		{E59354B8-34F7-44F2-A838-67A4547165BD}.Release|Any CPU.ActiveCfg = Release|Any CPU
		{E59354B8-34F7-44F2-A838-67A4547165BD}.Release|Any CPU.Build.0 = Release|Any CPU
		{83778956-7D58-4002-A7FD-EA58F268A44E}.Debug|Any CPU.ActiveCfg = Debug|Any CPU
		{83778956-7D58-4002-A7FD-EA58F268A44E}.Debug|Any CPU.Build.0 = Debug|Any CPU
		{83778956-7D58-4002-A7FD-EA58F268A44E}.Release|Any CPU.ActiveCfg = Release|Any CPU
		{83778956-7D58-4002-A7FD-EA58F268A44E}.Release|Any CPU.Build.0 = Release|Any CPU
		{051A8BFB-B0C8-4069-A26F-805460F64395}.Debug|Any CPU.ActiveCfg = Debug|Any CPU
		{051A8BFB-B0C8-4069-A26F-805460F64395}.Debug|Any CPU.Build.0 = Debug|Any CPU
		{051A8BFB-B0C8-4069-A26F-805460F64395}.Release|Any CPU.ActiveCfg = Release|Any CPU
		{051A8BFB-B0C8-4069-A26F-805460F64395}.Release|Any CPU.Build.0 = Release|Any CPU
		{2E96DC79-3C0E-4450-A184-26148CC27C6F}.Debug|Any CPU.ActiveCfg = Debug|Any CPU
		{2E96DC79-3C0E-4450-A184-26148CC27C6F}.Debug|Any CPU.Build.0 = Debug|Any CPU
		{2E96DC79-3C0E-4450-A184-26148CC27C6F}.Release|Any CPU.ActiveCfg = Release|Any CPU
		{2E96DC79-3C0E-4450-A184-26148CC27C6F}.Release|Any CPU.Build.0 = Release|Any CPU
		{D0F52647-499D-4762-BDEC-0BFFC77EE3C9}.Debug|Any CPU.ActiveCfg = Debug|Any CPU
		{D0F52647-499D-4762-BDEC-0BFFC77EE3C9}.Debug|Any CPU.Build.0 = Debug|Any CPU
		{D0F52647-499D-4762-BDEC-0BFFC77EE3C9}.Release|Any CPU.ActiveCfg = Release|Any CPU
		{D0F52647-499D-4762-BDEC-0BFFC77EE3C9}.Release|Any CPU.Build.0 = Release|Any CPU
		{D1399F34-ABD8-490B-B34B-1FFB926F23D7}.Debug|Any CPU.ActiveCfg = Debug|Any CPU
		{D1399F34-ABD8-490B-B34B-1FFB926F23D7}.Debug|Any CPU.Build.0 = Debug|Any CPU
		{D1399F34-ABD8-490B-B34B-1FFB926F23D7}.Release|Any CPU.ActiveCfg = Release|Any CPU
		{D1399F34-ABD8-490B-B34B-1FFB926F23D7}.Release|Any CPU.Build.0 = Release|Any CPU
		{A6B88D61-4119-40D7-91C1-A4E289B53053}.Debug|Any CPU.ActiveCfg = Debug|Any CPU
		{A6B88D61-4119-40D7-91C1-A4E289B53053}.Debug|Any CPU.Build.0 = Debug|Any CPU
		{A6B88D61-4119-40D7-91C1-A4E289B53053}.Release|Any CPU.ActiveCfg = Release|Any CPU
		{A6B88D61-4119-40D7-91C1-A4E289B53053}.Release|Any CPU.Build.0 = Release|Any CPU
		{DA50AB86-82F7-4AB5-9408-B995F13AACCF}.Debug|Any CPU.ActiveCfg = Debug|Any CPU
		{DA50AB86-82F7-4AB5-9408-B995F13AACCF}.Debug|Any CPU.Build.0 = Debug|Any CPU
		{DA50AB86-82F7-4AB5-9408-B995F13AACCF}.Release|Any CPU.ActiveCfg = Release|Any CPU
		{DA50AB86-82F7-4AB5-9408-B995F13AACCF}.Release|Any CPU.Build.0 = Release|Any CPU
	EndGlobalSection
	GlobalSection(SolutionProperties) = preSolution
		HideSolutionNode = FALSE
	EndGlobalSection
	GlobalSection(NestedProjects) = preSolution
		{E95F76D5-5391-4F7B-88E4-4FF69606CF54} = {14FAE76E-2EE8-44AF-B322-35B8D59301CF}
		{86AC7487-FB12-4900-BD88-19533E88EBCD} = {14FAE76E-2EE8-44AF-B322-35B8D59301CF}
		{8484C660-02F1-40B1-8E10-10E9B2198B02} = {14FAE76E-2EE8-44AF-B322-35B8D59301CF}
		{A3BC0542-C69C-4CFA-88B2-05D3B252C748} = {E95F76D5-5391-4F7B-88E4-4FF69606CF54}
		{BB299B7F-C653-4773-B5AB-572A18064143} = {86AC7487-FB12-4900-BD88-19533E88EBCD}
		{A5CE5720-2648-476A-9D5E-FD79E6D00BC2} = {86AC7487-FB12-4900-BD88-19533E88EBCD}
		{E59354B8-34F7-44F2-A838-67A4547165BD} = {86AC7487-FB12-4900-BD88-19533E88EBCD}
		{22F6B41E-9508-46F2-8C37-9315262A477E} = {14FAE76E-2EE8-44AF-B322-35B8D59301CF}
		{83778956-7D58-4002-A7FD-EA58F268A44E} = {22F6B41E-9508-46F2-8C37-9315262A477E}
		{051A8BFB-B0C8-4069-A26F-805460F64395} = {22F6B41E-9508-46F2-8C37-9315262A477E}
		{2E96DC79-3C0E-4450-A184-26148CC27C6F} = {8484C660-02F1-40B1-8E10-10E9B2198B02}
		{D0F52647-499D-4762-BDEC-0BFFC77EE3C9} = {8484C660-02F1-40B1-8E10-10E9B2198B02}
		{3610EA04-E09C-4D7F-9C55-C97176DDAFBA} = {14FAE76E-2EE8-44AF-B322-35B8D59301CF}
		{D1399F34-ABD8-490B-B34B-1FFB926F23D7} = {3610EA04-E09C-4D7F-9C55-C97176DDAFBA}
		{A6B88D61-4119-40D7-91C1-A4E289B53053} = {8484C660-02F1-40B1-8E10-10E9B2198B02}
		{DA50AB86-82F7-4AB5-9408-B995F13AACCF} = {14FAE76E-2EE8-44AF-B322-35B8D59301CF}
	EndGlobalSection
	GlobalSection(ExtensibilityGlobals) = postSolution
		SolutionGuid = {6C780ABA-5872-4B83-AD3F-A5BD423AD907}
	EndGlobalSection
EndGlobal
